version = 1
requires-python = ">=3.12"

[[package]]
name = "bleak"
version = "0.22.3"
source = { registry = "https://pypi.org/simple" }
dependencies = [
    { name = "dbus-fast", marker = "platform_system == 'Linux'" },
    { name = "pyobjc-core", marker = "platform_system == 'Darwin'" },
    { name = "pyobjc-framework-corebluetooth", marker = "platform_system == 'Darwin'" },
    { name = "pyobjc-framework-libdispatch", marker = "platform_system == 'Darwin'" },
    { name = "winrt-runtime", marker = "platform_system == 'Windows'" },
    { name = "winrt-windows-devices-bluetooth", marker = "platform_system == 'Windows'" },
    { name = "winrt-windows-devices-bluetooth-advertisement", marker = "platform_system == 'Windows'" },
    { name = "winrt-windows-devices-bluetooth-genericattributeprofile", marker = "platform_system == 'Windows'" },
    { name = "winrt-windows-devices-enumeration", marker = "platform_system == 'Windows'" },
    { name = "winrt-windows-foundation", marker = "platform_system == 'Windows'" },
    { name = "winrt-windows-foundation-collections", marker = "platform_system == 'Windows'" },
    { name = "winrt-windows-storage-streams", marker = "platform_system == 'Windows'" },
]
sdist = { url = "https://files.pythonhosted.org/packages/fb/96/15750b50c0018338e2cce30de939130971ebfdf4f9d6d56c960f5657daad/bleak-0.22.3.tar.gz", hash = "sha256:3149c3c19657e457727aa53d9d6aeb89658495822cd240afd8aeca4dd09c045c", size = 122339 }
wheels = [
    { url = "https://files.pythonhosted.org/packages/0a/ce/3adf9e742bb22e4a4b3435f24111cb46a1d12731ba655ee00bb5ab0308cc/bleak-0.22.3-py3-none-any.whl", hash = "sha256:1e62a9f5e0c184826e6c906e341d8aca53793e4596eeaf4e0b191e7aca5c461c", size = 142719 },
]

[[package]]
name = "certifi"
version = "2024.8.30"
source = { registry = "https://pypi.org/simple" }
sdist = { url = "https://files.pythonhosted.org/packages/b0/ee/9b19140fe824b367c04c5e1b369942dd754c4c5462d5674002f75c4dedc1/certifi-2024.8.30.tar.gz", hash = "sha256:bec941d2aa8195e248a60b31ff9f0558284cf01a52591ceda73ea9afffd69fd9", size = 168507 }
wheels = [
    { url = "https://files.pythonhosted.org/packages/12/90/3c9ff0512038035f59d279fddeb79f5f1eccd8859f06d6163c58798b9487/certifi-2024.8.30-py3-none-any.whl", hash = "sha256:922820b53db7a7257ffbda3f597266d435245903d80737e34f8a45ff3e3230d8", size = 167321 },
]

[[package]]
name = "charset-normalizer"
version = "3.3.2"
source = { registry = "https://pypi.org/simple" }
sdist = { url = "https://files.pythonhosted.org/packages/63/09/c1bc53dab74b1816a00d8d030de5bf98f724c52c1635e07681d312f20be8/charset-normalizer-3.3.2.tar.gz", hash = "sha256:f30c3cb33b24454a82faecaf01b19c18562b1e89558fb6c56de4d9118a032fd5", size = 104809 }
wheels = [
    { url = "https://files.pythonhosted.org/packages/d1/b2/fcedc8255ec42afee97f9e6f0145c734bbe104aac28300214593eb326f1d/charset_normalizer-3.3.2-cp312-cp312-macosx_10_9_universal2.whl", hash = "sha256:0b2b64d2bb6d3fb9112bafa732def486049e63de9618b5843bcdd081d8144cd8", size = 192892 },
    { url = "https://files.pythonhosted.org/packages/2e/7d/2259318c202f3d17f3fe6438149b3b9e706d1070fe3fcbb28049730bb25c/charset_normalizer-3.3.2-cp312-cp312-macosx_10_9_x86_64.whl", hash = "sha256:ddbb2551d7e0102e7252db79ba445cdab71b26640817ab1e3e3648dad515003b", size = 122213 },
    { url = "https://files.pythonhosted.org/packages/3a/52/9f9d17c3b54dc238de384c4cb5a2ef0e27985b42a0e5cc8e8a31d918d48d/charset_normalizer-3.3.2-cp312-cp312-macosx_11_0_arm64.whl", hash = "sha256:55086ee1064215781fff39a1af09518bc9255b50d6333f2e4c74ca09fac6a8f6", size = 119404 },
    { url = "https://files.pythonhosted.org/packages/99/b0/9c365f6d79a9f0f3c379ddb40a256a67aa69c59609608fe7feb6235896e1/charset_normalizer-3.3.2-cp312-cp312-manylinux_2_17_aarch64.manylinux2014_aarch64.whl", hash = "sha256:8f4a014bc36d3c57402e2977dada34f9c12300af536839dc38c0beab8878f38a", size = 137275 },
    { url = "https://files.pythonhosted.org/packages/91/33/749df346e93d7a30cdcb90cbfdd41a06026317bfbfb62cd68307c1a3c543/charset_normalizer-3.3.2-cp312-cp312-manylinux_2_17_ppc64le.manylinux2014_ppc64le.whl", hash = "sha256:a10af20b82360ab00827f916a6058451b723b4e65030c5a18577c8b2de5b3389", size = 147518 },
    { url = "https://files.pythonhosted.org/packages/72/1a/641d5c9f59e6af4c7b53da463d07600a695b9824e20849cb6eea8a627761/charset_normalizer-3.3.2-cp312-cp312-manylinux_2_17_s390x.manylinux2014_s390x.whl", hash = "sha256:8d756e44e94489e49571086ef83b2bb8ce311e730092d2c34ca8f7d925cb20aa", size = 140182 },
    { url = "https://files.pythonhosted.org/packages/ee/fb/14d30eb4956408ee3ae09ad34299131fb383c47df355ddb428a7331cfa1e/charset_normalizer-3.3.2-cp312-cp312-manylinux_2_17_x86_64.manylinux2014_x86_64.whl", hash = "sha256:90d558489962fd4918143277a773316e56c72da56ec7aa3dc3dbbe20fdfed15b", size = 141869 },
    { url = "https://files.pythonhosted.org/packages/df/3e/a06b18788ca2eb6695c9b22325b6fde7dde0f1d1838b1792a0076f58fe9d/charset_normalizer-3.3.2-cp312-cp312-manylinux_2_5_i686.manylinux1_i686.manylinux_2_17_i686.manylinux2014_i686.whl", hash = "sha256:6ac7ffc7ad6d040517be39eb591cac5ff87416c2537df6ba3cba3bae290c0fed", size = 144042 },
    { url = "https://files.pythonhosted.org/packages/45/59/3d27019d3b447a88fe7e7d004a1e04be220227760264cc41b405e863891b/charset_normalizer-3.3.2-cp312-cp312-musllinux_1_1_aarch64.whl", hash = "sha256:7ed9e526742851e8d5cc9e6cf41427dfc6068d4f5a3bb03659444b4cabf6bc26", size = 138275 },
    { url = "https://files.pythonhosted.org/packages/7b/ef/5eb105530b4da8ae37d506ccfa25057961b7b63d581def6f99165ea89c7e/charset_normalizer-3.3.2-cp312-cp312-musllinux_1_1_i686.whl", hash = "sha256:8bdb58ff7ba23002a4c5808d608e4e6c687175724f54a5dade5fa8c67b604e4d", size = 144819 },
    { url = "https://files.pythonhosted.org/packages/a2/51/e5023f937d7f307c948ed3e5c29c4b7a3e42ed2ee0b8cdf8f3a706089bf0/charset_normalizer-3.3.2-cp312-cp312-musllinux_1_1_ppc64le.whl", hash = "sha256:6b3251890fff30ee142c44144871185dbe13b11bab478a88887a639655be1068", size = 149415 },
    { url = "https://files.pythonhosted.org/packages/24/9d/2e3ef673dfd5be0154b20363c5cdcc5606f35666544381bee15af3778239/charset_normalizer-3.3.2-cp312-cp312-musllinux_1_1_s390x.whl", hash = "sha256:b4a23f61ce87adf89be746c8a8974fe1c823c891d8f86eb218bb957c924bb143", size = 141212 },
    { url = "https://files.pythonhosted.org/packages/5b/ae/ce2c12fcac59cb3860b2e2d76dc405253a4475436b1861d95fe75bdea520/charset_normalizer-3.3.2-cp312-cp312-musllinux_1_1_x86_64.whl", hash = "sha256:efcb3f6676480691518c177e3b465bcddf57cea040302f9f4e6e191af91174d4", size = 142167 },
    { url = "https://files.pythonhosted.org/packages/ed/3a/a448bf035dce5da359daf9ae8a16b8a39623cc395a2ffb1620aa1bce62b0/charset_normalizer-3.3.2-cp312-cp312-win32.whl", hash = "sha256:d965bba47ddeec8cd560687584e88cf699fd28f192ceb452d1d7ee807c5597b7", size = 93041 },
    { url = "https://files.pythonhosted.org/packages/b6/7c/8debebb4f90174074b827c63242c23851bdf00a532489fba57fef3416e40/charset_normalizer-3.3.2-cp312-cp312-win_amd64.whl", hash = "sha256:96b02a3dc4381e5494fad39be677abcb5e6634bf7b4fa83a6dd3112607547001", size = 100397 },
    { url = "https://files.pythonhosted.org/packages/28/76/e6222113b83e3622caa4bb41032d0b1bf785250607392e1b778aca0b8a7d/charset_normalizer-3.3.2-py3-none-any.whl", hash = "sha256:3e4d1f6587322d2788836a99c69062fbb091331ec940e02d12d179c1d53e25fc", size = 48543 },
]

[[package]]
name = "dbus-fast"
version = "2.24.3"
source = { registry = "https://pypi.org/simple" }
sdist = { url = "https://files.pythonhosted.org/packages/0a/37/a27e7f2dc6a18b5dcee70ffb08013a33770c2154a51fb5e2c04a7f4169fa/dbus_fast-2.24.3.tar.gz", hash = "sha256:9042a1b565ecac4f8e04df79376de1d1d31e4c82eddb6e71e8b8d82d0c94dd3d", size = 69620 }
wheels = [
    { url = "https://files.pythonhosted.org/packages/04/5b/81232c3c96206c42a54e31cda226753ace55ace80212fef5ca52bd334b63/dbus_fast-2.24.3-cp312-cp312-manylinux_2_17_aarch64.manylinux2014_aarch64.whl", hash = "sha256:f0de5326a1166a2ab3da0b5f3e8aa8f4cfa006458de73cce789267d058b16d93", size = 5405877 },
    { url = "https://files.pythonhosted.org/packages/58/be/1355d9c5f16b51fcd4d229ce5f368cf2cb8910daf61623a12c79a127a331/dbus_fast-2.24.3-cp312-cp312-manylinux_2_17_x86_64.manylinux2014_x86_64.whl", hash = "sha256:661da6bd9d4f49097025053b4475dccd17fd39f56b78bd2b9ff4796b2fa5bac3", size = 5505444 },
    { url = "https://files.pythonhosted.org/packages/ca/76/9b968ce5aa2e879bb5c0565ff0891045df0fbbf42747161254cf45e91447/dbus_fast-2.24.3-cp312-cp312-musllinux_1_2_aarch64.whl", hash = "sha256:9854b9645772eea91997fb678b7cbe975917e9272ae531ac9ee039478552fe82", size = 5353654 },
    { url = "https://files.pythonhosted.org/packages/f1/aa/bac39024079d31406aa6971c64e98fe2abb10fda3d13b6f452a5a43aec89/dbus_fast-2.24.3-cp312-cp312-musllinux_1_2_x86_64.whl", hash = "sha256:c9f51bc946baed32616e17ba278f3dfc8a0d3e5b143fdbc40b0863ce2373befa", size = 5603725 },
    { url = "https://files.pythonhosted.org/packages/11/d4/155f79e1a2fdbb6eb1976c5300a589ce1dc62984b228eb099afb9a43359a/dbus_fast-2.24.3-cp313-cp313-manylinux_2_17_aarch64.manylinux2014_aarch64.whl", hash = "sha256:eb3bb42348728219938769de89508c2826bcc779dac2b48182c215fd4fa71d27", size = 5362561 },
    { url = "https://files.pythonhosted.org/packages/2f/a1/e040362d2dfb91cd7b923fc20fb9a96ca1c4b8dd0a8d6704ca7ba3cedd46/dbus_fast-2.24.3-cp313-cp313-manylinux_2_17_x86_64.manylinux2014_x86_64.whl", hash = "sha256:0295a281f61e69855f2442df2f0de775c361c2cf8bdc73dc1d67ceb3695cbb9a", size = 5462554 },
    { url = "https://files.pythonhosted.org/packages/6a/72/467971c405f85f7b15cfa7a74cb7961181ed9631aa2d6c4c4e699f8c307a/dbus_fast-2.24.3-cp313-cp313-musllinux_1_2_aarch64.whl", hash = "sha256:c6bed68d1de004edc6519e9b003ae277f803b3f5927e22b0b109c67ccd8e9655", size = 5306563 },
    { url = "https://files.pythonhosted.org/packages/19/c2/29932e670edb3c7f53347c7349420cf9c13c2411aafc283f4bfba832b33a/dbus_fast-2.24.3-cp313-cp313-musllinux_1_2_x86_64.whl", hash = "sha256:7fab714342c2c07fd12877015c38142eced5798569ddc24497b8fab640ba6c42", size = 5566233 },
]

[[package]]
name = "dotmap"
version = "1.3.30"
source = { registry = "https://pypi.org/simple" }
sdist = { url = "https://files.pythonhosted.org/packages/bc/68/c186606e4f2bf731abd18044ea201e70c3c244bf468f41368820d197fca5/dotmap-1.3.30.tar.gz", hash = "sha256:5821a7933f075fb47563417c0e92e0b7c031158b4c9a6a7e56163479b658b368", size = 12391 }
wheels = [
    { url = "https://files.pythonhosted.org/packages/4d/f9/976d6813c160d6c89196d81e9466dca1503d20e609d8751f3536daf37ec6/dotmap-1.3.30-py3-none-any.whl", hash = "sha256:bd9fa15286ea2ad899a4d1dc2445ed85a1ae884a42effb87c89a6ecce71243c6", size = 11464 },
]

[[package]]
name = "idna"
version = "3.10"
source = { registry = "https://pypi.org/simple" }
sdist = { url = "https://files.pythonhosted.org/packages/f1/70/7703c29685631f5a7590aa73f1f1d3fa9a380e654b86af429e0934a32f7d/idna-3.10.tar.gz", hash = "sha256:12f65c9b470abda6dc35cf8e63cc574b1c52b11df2c86030af0ac09b01b13ea9", size = 190490 }
wheels = [
    { url = "https://files.pythonhosted.org/packages/76/c6/c88e154df9c4e1a2a66ccf0005a88dfb2650c1dffb6f5ce603dfbd452ce3/idna-3.10-py3-none-any.whl", hash = "sha256:946d195a0d259cbba61165e88e65941f16e9b36ea6ddb97f00452bae8b1287d3", size = 70442 },
]

[[package]]
name = "meshtastic"
version = "2.5.3a0"
source = { git = "https://github.com/meshtastic/python.git?branch=master#3afb294f9b92fbade0e53b60f1f3c10af23cd14c" }
dependencies = [
    { name = "bleak" },
    { name = "dotmap" },
    { name = "packaging" },
    { name = "pexpect" },
    { name = "print-color" },
    { name = "protobuf" },
    { name = "pyparsing" },
    { name = "pypubsub" },
    { name = "pyqrcode" },
    { name = "pyserial" },
    { name = "pyyaml" },
    { name = "requests" },
    { name = "tabulate" },
    { name = "webencodings" },
]

[[package]]
name = "nodes2sql"
version = "0.1.0"
source = { virtual = "." }
dependencies = [
    { name = "meshtastic" },
]

[package.metadata]
requires-dist = [{ name = "meshtastic", git = "https://github.com/meshtastic/python.git?branch=master" }]

[[package]]
name = "packaging"
version = "24.1"
source = { registry = "https://pypi.org/simple" }
sdist = { url = "https://files.pythonhosted.org/packages/51/65/50db4dda066951078f0a96cf12f4b9ada6e4b811516bf0262c0f4f7064d4/packaging-24.1.tar.gz", hash = "sha256:026ed72c8ed3fcce5bf8950572258698927fd1dbda10a5e981cdf0ac37f4f002", size = 148788 }
wheels = [
    { url = "https://files.pythonhosted.org/packages/08/aa/cc0199a5f0ad350994d660967a8efb233fe0416e4639146c089643407ce6/packaging-24.1-py3-none-any.whl", hash = "sha256:5b8f2217dbdbd2f7f384c41c628544e6d52f2d0f53c6d0c3ea61aa5d1d7ff124", size = 53985 },
]

[[package]]
name = "pexpect"
version = "4.9.0"
source = { registry = "https://pypi.org/simple" }
dependencies = [
    { name = "ptyprocess" },
]
sdist = { url = "https://files.pythonhosted.org/packages/42/92/cc564bf6381ff43ce1f4d06852fc19a2f11d180f23dc32d9588bee2f149d/pexpect-4.9.0.tar.gz", hash = "sha256:ee7d41123f3c9911050ea2c2dac107568dc43b2d3b0c7557a33212c398ead30f", size = 166450 }
wheels = [
    { url = "https://files.pythonhosted.org/packages/9e/c3/059298687310d527a58bb01f3b1965787ee3b40dce76752eda8b44e9a2c5/pexpect-4.9.0-py2.py3-none-any.whl", hash = "sha256:7236d1e080e4936be2dc3e326cec0af72acf9212a7e1d060210e70a47e253523", size = 63772 },
]

[[package]]
name = "print-color"
version = "0.4.6"
source = { registry = "https://pypi.org/simple" }
sdist = { url = "https://files.pythonhosted.org/packages/eb/32/601fd9002509b32d1f9d3ec1e8cc5af9af619def83327adbb1ea18e1502a/print_color-0.4.6.tar.gz", hash = "sha256:d3aafc1666c8d31a85fffa6ee8e4f269f5d5e338d685b4e6179915c71867c585", size = 7009 }
wheels = [
    { url = "https://files.pythonhosted.org/packages/7d/b8/1e2340eb96e8620217e26644192d35ad8300a4bd346dff1d5a02eb7d737d/print_color-0.4.6-py3-none-any.whl", hash = "sha256:494bd1cdb84daf481f0e63bd22b3c32f7d52827d8f5d9138a96bb01ca8ba9299", size = 7678 },
]

[[package]]
name = "protobuf"
version = "5.28.2"
source = { registry = "https://pypi.org/simple" }
sdist = { url = "https://files.pythonhosted.org/packages/b1/a4/4579a61de526e19005ceeb93e478b61d77aa38c8a85ad958ff16a9906549/protobuf-5.28.2.tar.gz", hash = "sha256:59379674ff119717404f7454647913787034f03fe7049cbef1d74a97bb4593f0", size = 422494 }
wheels = [
    { url = "https://files.pythonhosted.org/packages/e9/30/231764750e0987755b7b8d66771f161e5f002e165d27b72154c776dbabf7/protobuf-5.28.2-cp310-abi3-win32.whl", hash = "sha256:eeea10f3dc0ac7e6b4933d32db20662902b4ab81bf28df12218aa389e9c2102d", size = 419662 },
    { url = "https://files.pythonhosted.org/packages/7d/46/3fdf7462160135aee6a530f1ec66665b5b4132fa2e1002ab971bc6ec2589/protobuf-5.28.2-cp310-abi3-win_amd64.whl", hash = "sha256:2c69461a7fcc8e24be697624c09a839976d82ae75062b11a0972e41fd2cd9132", size = 431479 },
    { url = "https://files.pythonhosted.org/packages/37/45/d2a760580f8f2ed2825ba44cb370e0a4011ddef85e728f46ea3dd565a8a5/protobuf-5.28.2-cp38-abi3-macosx_10_9_universal2.whl", hash = "sha256:a8b9403fc70764b08d2f593ce44f1d2920c5077bf7d311fefec999f8c40f78b7", size = 414736 },
    { url = "https://files.pythonhosted.org/packages/e6/23/ed718dc18e6a561445ece1e7a17d2dda0c634ad9cf663102b47f10005d8f/protobuf-5.28.2-cp38-abi3-manylinux2014_aarch64.whl", hash = "sha256:35cfcb15f213449af7ff6198d6eb5f739c37d7e4f1c09b5d0641babf2cc0c68f", size = 316518 },
    { url = "https://files.pythonhosted.org/packages/23/08/a1ce0415a115c2b703bfa798f06f0e43ca91dbe29d6180bf86a9287b15e2/protobuf-5.28.2-cp38-abi3-manylinux2014_x86_64.whl", hash = "sha256:5e8a95246d581eef20471b5d5ba010d55f66740942b95ba9b872d918c459452f", size = 316605 },
    { url = "https://files.pythonhosted.org/packages/9b/55/f24e3b801d2e108c48aa2b1b59bb791b5cffba89465cbbf66fc98de89270/protobuf-5.28.2-py3-none-any.whl", hash = "sha256:52235802093bd8a2811abbe8bf0ab9c5f54cca0a751fdd3f6ac2a21438bffece", size = 169566 },
]

[[package]]
name = "ptyprocess"
version = "0.7.0"
source = { registry = "https://pypi.org/simple" }
sdist = { url = "https://files.pythonhosted.org/packages/20/e5/16ff212c1e452235a90aeb09066144d0c5a6a8c0834397e03f5224495c4e/ptyprocess-0.7.0.tar.gz", hash = "sha256:5c5d0a3b48ceee0b48485e0c26037c0acd7d29765ca3fbb5cb3831d347423220", size = 70762 }
wheels = [
    { url = "https://files.pythonhosted.org/packages/22/a6/858897256d0deac81a172289110f31629fc4cee19b6f01283303e18c8db3/ptyprocess-0.7.0-py2.py3-none-any.whl", hash = "sha256:4b41f3967fce3af57cc7e94b888626c18bf37a083e3651ca8feeb66d492fef35", size = 13993 },
]

[[package]]
name = "pyobjc-core"
version = "10.3.1"
source = { registry = "https://pypi.org/simple" }
sdist = { url = "https://files.pythonhosted.org/packages/b7/40/a38d78627bd882d86c447db5a195ff307001ae02c1892962c656f2fd6b83/pyobjc_core-10.3.1.tar.gz", hash = "sha256:b204a80ccc070f9ab3f8af423a3a25a6fd787e228508d00c4c30f8ac538ba720", size = 935027 }
wheels = [
    { url = "https://files.pythonhosted.org/packages/cd/4d/d5d552b209fbca644cf9e0115a4cef8bc5f6726a44303eb7ae8d8a920a9e/pyobjc_core-10.3.1-cp312-cp312-macosx_10_9_universal2.whl", hash = "sha256:6ff5823d13d0a534cdc17fa4ad47cf5bee4846ce0fd27fc40012e12b46db571b", size = 825968 },
    { url = "https://files.pythonhosted.org/packages/2e/8b/341571ac5d625968083cbd718e1af7eac54197ed3d404dfff9467c3a8c88/pyobjc_core-10.3.1-cp313-cp313-macosx_10_13_universal2.whl", hash = "sha256:2581e8e68885bcb0e11ec619e81ef28e08ee3fac4de20d8cc83bc5af5bcf4a90", size = 827410 },
]

[[package]]
name = "pyobjc-framework-cocoa"
version = "10.3.1"
source = { registry = "https://pypi.org/simple" }
dependencies = [
    { name = "pyobjc-core" },
]
sdist = { url = "https://files.pythonhosted.org/packages/a7/6c/b62e31e6e00f24e70b62f680e35a0d663ba14ff7601ae591b5d20e251161/pyobjc_framework_cocoa-10.3.1.tar.gz", hash = "sha256:1cf20714daaa986b488fb62d69713049f635c9d41a60c8da97d835710445281a", size = 4941542 }
wheels = [
    { url = "https://files.pythonhosted.org/packages/29/73/9a913537d6d63758243f76a3d3acbae8eb77705c278eceaf37198e58dcf5/pyobjc_framework_Cocoa-10.3.1-cp312-cp312-macosx_10_9_universal2.whl", hash = "sha256:11b4e0bad4bbb44a4edda128612f03cdeab38644bbf174de0c13129715497296", size = 396183 },
    { url = "https://files.pythonhosted.org/packages/93/1f/b203c35ac17ff50b101433783988b527c1b7d7386c175c9aec1c89da5426/pyobjc_framework_Cocoa-10.3.1-cp313-cp313-macosx_10_13_universal2.whl", hash = "sha256:de5e62e5ccf2871a94acf3bf79646b20ea893cc9db78afa8d1fe1b0d0f7cbdb0", size = 395004 },
]

[[package]]
name = "pyobjc-framework-corebluetooth"
version = "10.3.1"
source = { registry = "https://pypi.org/simple" }
dependencies = [
    { name = "pyobjc-core" },
    { name = "pyobjc-framework-cocoa" },
]
sdist = { url = "https://files.pythonhosted.org/packages/f7/69/89afd7747f42d2eb1e8f4b7f2ba2739d98ccf36f6b5c72474802962494de/pyobjc_framework_corebluetooth-10.3.1.tar.gz", hash = "sha256:dc5d326ab5541b8b68e7e920aa8363851e779cb8c33842f6cfeef4674cc62f94", size = 50210 }
wheels = [
    { url = "https://files.pythonhosted.org/packages/33/2f/b34311bc453472e34c7a9473b1da21d79f7126d61f95d85e7d679cbd98c1/pyobjc_framework_CoreBluetooth-10.3.1-cp36-abi3-macosx_10_13_universal2.whl", hash = "sha256:c89ee6fba0ed359c46b4908a7d01f88f133be025bd534cbbf4fb9c183e62fc97", size = 14052 },
    { url = "https://files.pythonhosted.org/packages/af/a2/946a7099d5181ebfa59eb390471b30b51f04da935f8ef8d9a9ac3a102e13/pyobjc_framework_CoreBluetooth-10.3.1-cp36-abi3-macosx_10_9_universal2.whl", hash = "sha256:2f261a386aa6906f9d4601d35ff71a13315dbca1a0698bf1f1ecfe3971de4648", size = 14102 },
    { url = "https://files.pythonhosted.org/packages/87/43/a344c043be35a516c0e1b7c69cb1945c3150a11416fdd89f066214ef65fc/pyobjc_framework_CoreBluetooth-10.3.1-cp36-abi3-macosx_10_9_x86_64.whl", hash = "sha256:5211df0da2e8be511d9a54a48505dd7af0c4d04546fe2027dd723801d633c6ba", size = 10202 },
    { url = "https://files.pythonhosted.org/packages/f0/a4/ed61aba4cd2d66d0569669d047bcaf249fe28dd79331015fd0d6387dbd60/pyobjc_framework_CoreBluetooth-10.3.1-cp36-abi3-macosx_11_0_universal2.whl", hash = "sha256:b8becd4e406be289a2d423611d3ad40730532a1f6728effb2200e68c9c04c3e8", size = 13942 },
]

[[package]]
name = "pyobjc-framework-libdispatch"
version = "10.3.1"
source = { registry = "https://pypi.org/simple" }
dependencies = [
    { name = "pyobjc-core" },
    { name = "pyobjc-framework-cocoa" },
]
sdist = { url = "https://files.pythonhosted.org/packages/b7/37/1a7d9e5a04ab42aa8186f3493478c055601503ac7f8d58b8501d23db8b21/pyobjc_framework_libdispatch-10.3.1.tar.gz", hash = "sha256:f5c3475498cb32f54d75e21952670e4a32c8517fb2db2e90869f634edc942446", size = 44771 }
wheels = [
    { url = "https://files.pythonhosted.org/packages/40/1c/4d16cbe1d41462184e908d757537349cebddc7444950ea24dfbaf2a957ca/pyobjc_framework_libdispatch-10.3.1-cp312-cp312-macosx_10_9_universal2.whl", hash = "sha256:b209dbc9338cd87e053ede4d782b8c445bcc0b9a3d0365a6ffa1f9cd5143c301", size = 20542 },
    { url = "https://files.pythonhosted.org/packages/fa/36/c95b42c290d41687c2f01599feff82f4b6f9774006c4dd051f5d6a9949fe/pyobjc_framework_libdispatch-10.3.1-cp313-cp313-macosx_10_13_universal2.whl", hash = "sha256:a74e62314376dc2d34bc5d4a86cedaf5795786178ebccd0553c58e8fa73400a3", size = 15643 },
]

[[package]]
name = "pyparsing"
version = "3.1.4"
source = { registry = "https://pypi.org/simple" }
sdist = { url = "https://files.pythonhosted.org/packages/83/08/13f3bce01b2061f2bbd582c9df82723de943784cf719a35ac886c652043a/pyparsing-3.1.4.tar.gz", hash = "sha256:f86ec8d1a83f11977c9a6ea7598e8c27fc5cddfa5b07ea2241edbbde1d7bc032", size = 900231 }
wheels = [
    { url = "https://files.pythonhosted.org/packages/e5/0c/0e3c05b1c87bb6a1c76d281b0f35e78d2d80ac91b5f8f524cebf77f51049/pyparsing-3.1.4-py3-none-any.whl", hash = "sha256:a6a7ee4235a3f944aa1fa2249307708f893fe5717dc603503c6c7969c070fb7c", size = 104100 },
]

[[package]]
name = "pypubsub"
version = "4.0.3"
source = { registry = "https://pypi.org/simple" }
wheels = [
    { url = "https://files.pythonhosted.org/packages/1a/41/a0aceb552d8ec63bb1e8223d130f9dd0f736470036d75d708183b104a2cb/Pypubsub-4.0.3-py3-none-any.whl", hash = "sha256:7f716bae9388afe01ff82b264ba8a96a8ae78b42bb1f114f2716ca8f9e404e2a", size = 61368 },
]

[[package]]
name = "pyqrcode"
version = "1.2.1"
source = { registry = "https://pypi.org/simple" }
sdist = { url = "https://files.pythonhosted.org/packages/37/61/f07226075c347897937d4086ef8e55f0a62ae535e28069884ac68d979316/PyQRCode-1.2.1.tar.gz", hash = "sha256:fdbf7634733e56b72e27f9bce46e4550b75a3a2c420414035cae9d9d26b234d5", size = 36989 }

[[package]]
name = "pyserial"
version = "3.5"
source = { registry = "https://pypi.org/simple" }
sdist = { url = "https://files.pythonhosted.org/packages/1e/7d/ae3f0a63f41e4d2f6cb66a5b57197850f919f59e558159a4dd3a818f5082/pyserial-3.5.tar.gz", hash = "sha256:3c77e014170dfffbd816e6ffc205e9842efb10be9f58ec16d3e8675b4925cddb", size = 159125 }
wheels = [
    { url = "https://files.pythonhosted.org/packages/07/bc/587a445451b253b285629263eb51c2d8e9bcea4fc97826266d186f96f558/pyserial-3.5-py2.py3-none-any.whl", hash = "sha256:c4451db6ba391ca6ca299fb3ec7bae67a5c55dde170964c7a14ceefec02f2cf0", size = 90585 },
]

[[package]]
name = "pyyaml"
version = "6.0.2"
source = { registry = "https://pypi.org/simple" }
sdist = { url = "https://files.pythonhosted.org/packages/54/ed/79a089b6be93607fa5cdaedf301d7dfb23af5f25c398d5ead2525b063e17/pyyaml-6.0.2.tar.gz", hash = "sha256:d584d9ec91ad65861cc08d42e834324ef890a082e591037abe114850ff7bbc3e", size = 130631 }
wheels = [
    { url = "https://files.pythonhosted.org/packages/86/0c/c581167fc46d6d6d7ddcfb8c843a4de25bdd27e4466938109ca68492292c/PyYAML-6.0.2-cp312-cp312-macosx_10_9_x86_64.whl", hash = "sha256:c70c95198c015b85feafc136515252a261a84561b7b1d51e3384e0655ddf25ab", size = 183873 },
    { url = "https://files.pythonhosted.org/packages/a8/0c/38374f5bb272c051e2a69281d71cba6fdb983413e6758b84482905e29a5d/PyYAML-6.0.2-cp312-cp312-macosx_11_0_arm64.whl", hash = "sha256:ce826d6ef20b1bc864f0a68340c8b3287705cae2f8b4b1d932177dcc76721725", size = 173302 },
    { url = "https://files.pythonhosted.org/packages/c3/93/9916574aa8c00aa06bbac729972eb1071d002b8e158bd0e83a3b9a20a1f7/PyYAML-6.0.2-cp312-cp312-manylinux_2_17_aarch64.manylinux2014_aarch64.whl", hash = "sha256:1f71ea527786de97d1a0cc0eacd1defc0985dcf6b3f17bb77dcfc8c34bec4dc5", size = 739154 },
    { url = "https://files.pythonhosted.org/packages/95/0f/b8938f1cbd09739c6da569d172531567dbcc9789e0029aa070856f123984/PyYAML-6.0.2-cp312-cp312-manylinux_2_17_s390x.manylinux2014_s390x.whl", hash = "sha256:9b22676e8097e9e22e36d6b7bda33190d0d400f345f23d4065d48f4ca7ae0425", size = 766223 },
    { url = "https://files.pythonhosted.org/packages/b9/2b/614b4752f2e127db5cc206abc23a8c19678e92b23c3db30fc86ab731d3bd/PyYAML-6.0.2-cp312-cp312-manylinux_2_17_x86_64.manylinux2014_x86_64.whl", hash = "sha256:80bab7bfc629882493af4aa31a4cfa43a4c57c83813253626916b8c7ada83476", size = 767542 },
    { url = "https://files.pythonhosted.org/packages/d4/00/dd137d5bcc7efea1836d6264f049359861cf548469d18da90cd8216cf05f/PyYAML-6.0.2-cp312-cp312-musllinux_1_1_aarch64.whl", hash = "sha256:0833f8694549e586547b576dcfaba4a6b55b9e96098b36cdc7ebefe667dfed48", size = 731164 },
    { url = "https://files.pythonhosted.org/packages/c9/1f/4f998c900485e5c0ef43838363ba4a9723ac0ad73a9dc42068b12aaba4e4/PyYAML-6.0.2-cp312-cp312-musllinux_1_1_x86_64.whl", hash = "sha256:8b9c7197f7cb2738065c481a0461e50ad02f18c78cd75775628afb4d7137fb3b", size = 756611 },
    { url = "https://files.pythonhosted.org/packages/df/d1/f5a275fdb252768b7a11ec63585bc38d0e87c9e05668a139fea92b80634c/PyYAML-6.0.2-cp312-cp312-win32.whl", hash = "sha256:ef6107725bd54b262d6dedcc2af448a266975032bc85ef0172c5f059da6325b4", size = 140591 },
    { url = "https://files.pythonhosted.org/packages/0c/e8/4f648c598b17c3d06e8753d7d13d57542b30d56e6c2dedf9c331ae56312e/PyYAML-6.0.2-cp312-cp312-win_amd64.whl", hash = "sha256:7e7401d0de89a9a855c839bc697c079a4af81cf878373abd7dc625847d25cbd8", size = 156338 },
    { url = "https://files.pythonhosted.org/packages/ef/e3/3af305b830494fa85d95f6d95ef7fa73f2ee1cc8ef5b495c7c3269fb835f/PyYAML-6.0.2-cp313-cp313-macosx_10_13_x86_64.whl", hash = "sha256:efdca5630322a10774e8e98e1af481aad470dd62c3170801852d752aa7a783ba", size = 181309 },
    { url = "https://files.pythonhosted.org/packages/45/9f/3b1c20a0b7a3200524eb0076cc027a970d320bd3a6592873c85c92a08731/PyYAML-6.0.2-cp313-cp313-macosx_11_0_arm64.whl", hash = "sha256:50187695423ffe49e2deacb8cd10510bc361faac997de9efef88badc3bb9e2d1", size = 171679 },
    { url = "https://files.pythonhosted.org/packages/7c/9a/337322f27005c33bcb656c655fa78325b730324c78620e8328ae28b64d0c/PyYAML-6.0.2-cp313-cp313-manylinux_2_17_aarch64.manylinux2014_aarch64.whl", hash = "sha256:0ffe8360bab4910ef1b9e87fb812d8bc0a308b0d0eef8c8f44e0254ab3b07133", size = 733428 },
    { url = "https://files.pythonhosted.org/packages/a3/69/864fbe19e6c18ea3cc196cbe5d392175b4cf3d5d0ac1403ec3f2d237ebb5/PyYAML-6.0.2-cp313-cp313-manylinux_2_17_s390x.manylinux2014_s390x.whl", hash = "sha256:17e311b6c678207928d649faa7cb0d7b4c26a0ba73d41e99c4fff6b6c3276484", size = 763361 },
    { url = "https://files.pythonhosted.org/packages/04/24/b7721e4845c2f162d26f50521b825fb061bc0a5afcf9a386840f23ea19fa/PyYAML-6.0.2-cp313-cp313-manylinux_2_17_x86_64.manylinux2014_x86_64.whl", hash = "sha256:70b189594dbe54f75ab3a1acec5f1e3faa7e8cf2f1e08d9b561cb41b845f69d5", size = 759523 },
    { url = "https://files.pythonhosted.org/packages/2b/b2/e3234f59ba06559c6ff63c4e10baea10e5e7df868092bf9ab40e5b9c56b6/PyYAML-6.0.2-cp313-cp313-musllinux_1_1_aarch64.whl", hash = "sha256:41e4e3953a79407c794916fa277a82531dd93aad34e29c2a514c2c0c5fe971cc", size = 726660 },
    { url = "https://files.pythonhosted.org/packages/fe/0f/25911a9f080464c59fab9027482f822b86bf0608957a5fcc6eaac85aa515/PyYAML-6.0.2-cp313-cp313-musllinux_1_1_x86_64.whl", hash = "sha256:68ccc6023a3400877818152ad9a1033e3db8625d899c72eacb5a668902e4d652", size = 751597 },
    { url = "https://files.pythonhosted.org/packages/14/0d/e2c3b43bbce3cf6bd97c840b46088a3031085179e596d4929729d8d68270/PyYAML-6.0.2-cp313-cp313-win32.whl", hash = "sha256:bc2fa7c6b47d6bc618dd7fb02ef6fdedb1090ec036abab80d4681424b84c1183", size = 140527 },
    { url = "https://files.pythonhosted.org/packages/fa/de/02b54f42487e3d3c6efb3f89428677074ca7bf43aae402517bc7cca949f3/PyYAML-6.0.2-cp313-cp313-win_amd64.whl", hash = "sha256:8388ee1976c416731879ac16da0aff3f63b286ffdd57cdeb95f3f2e085687563", size = 156446 },
]

[[package]]
name = "requests"
version = "2.32.3"
source = { registry = "https://pypi.org/simple" }
dependencies = [
    { name = "certifi" },
    { name = "charset-normalizer" },
    { name = "idna" },
    { name = "urllib3" },
]
sdist = { url = "https://files.pythonhosted.org/packages/63/70/2bf7780ad2d390a8d301ad0b550f1581eadbd9a20f896afe06353c2a2913/requests-2.32.3.tar.gz", hash = "sha256:55365417734eb18255590a9ff9eb97e9e1da868d4ccd6402399eaf68af20a760", size = 131218 }
wheels = [
    { url = "https://files.pythonhosted.org/packages/f9/9b/335f9764261e915ed497fcdeb11df5dfd6f7bf257d4a6a2a686d80da4d54/requests-2.32.3-py3-none-any.whl", hash = "sha256:70761cfe03c773ceb22aa2f671b4757976145175cdfca038c02654d061d6dcc6", size = 64928 },
]

[[package]]
name = "tabulate"
version = "0.9.0"
source = { registry = "https://pypi.org/simple" }
sdist = { url = "https://files.pythonhosted.org/packages/ec/fe/802052aecb21e3797b8f7902564ab6ea0d60ff8ca23952079064155d1ae1/tabulate-0.9.0.tar.gz", hash = "sha256:0095b12bf5966de529c0feb1fa08671671b3368eec77d7ef7ab114be2c068b3c", size = 81090 }
wheels = [
    { url = "https://files.pythonhosted.org/packages/40/44/4a5f08c96eb108af5cb50b41f76142f0afa346dfa99d5296fe7202a11854/tabulate-0.9.0-py3-none-any.whl", hash = "sha256:024ca478df22e9340661486f85298cff5f6dcdba14f3813e8830015b9ed1948f", size = 35252 },
]

[[package]]
name = "urllib3"
version = "2.2.3"
source = { registry = "https://pypi.org/simple" }
sdist = { url = "https://files.pythonhosted.org/packages/ed/63/22ba4ebfe7430b76388e7cd448d5478814d3032121827c12a2cc287e2260/urllib3-2.2.3.tar.gz", hash = "sha256:e7d814a81dad81e6caf2ec9fdedb284ecc9c73076b62654547cc64ccdcae26e9", size = 300677 }
wheels = [
    { url = "https://files.pythonhosted.org/packages/ce/d9/5f4c13cecde62396b0d3fe530a50ccea91e7dfc1ccf0e09c228841bb5ba8/urllib3-2.2.3-py3-none-any.whl", hash = "sha256:ca899ca043dcb1bafa3e262d73aa25c465bfb49e0bd9dd5d59f1d0acba2f8fac", size = 126338 },
]

[[package]]
name = "webencodings"
version = "0.5.1"
source = { registry = "https://pypi.org/simple" }
sdist = { url = "https://files.pythonhosted.org/packages/0b/02/ae6ceac1baeda530866a85075641cec12989bd8d31af6d5ab4a3e8c92f47/webencodings-0.5.1.tar.gz", hash = "sha256:b36a1c245f2d304965eb4e0a82848379241dc04b865afcc4aab16748587e1923", size = 9721 }
wheels = [
    { url = "https://files.pythonhosted.org/packages/f4/24/2a3e3df732393fed8b3ebf2ec078f05546de641fe1b667ee316ec1dcf3b7/webencodings-0.5.1-py2.py3-none-any.whl", hash = "sha256:a0af1213f3c2226497a97e2b3aa01a7e4bee4f403f95be16fc9acd2947514a78", size = 11774 },
]

[[package]]
name = "winrt-runtime"
version = "2.2.0"
source = { registry = "https://pypi.org/simple" }
sdist = { url = "https://files.pythonhosted.org/packages/00/40/18e014edaddfd637b22d1bcd2726ca0498817067cc94742ee91a16e70619/winrt_runtime-2.2.0.tar.gz", hash = "sha256:37a673b295ebd5f6dc5a3b42fd52c8e4589ca3e605deb54c26d0877d2575ec85", size = 15311 }
wheels = [
    { url = "https://files.pythonhosted.org/packages/15/7d/a13d7ffc8e7222d3b9a8ecc7b7c5b7c1c194377e65177e042419dbdb0c86/winrt_runtime-2.2.0-cp312-cp312-win32.whl", hash = "sha256:5a769bfb4e264b7fd306027da90c6e4e615667e9afdd8e5d712bc45bdabaf0d2", size = 183047 },
    { url = "https://files.pythonhosted.org/packages/2a/fb/b1bbfe10d2beb1ad61009afe99e50488f4f647786a276b0806b9e463caa9/winrt_runtime-2.2.0-cp312-cp312-win_amd64.whl", hash = "sha256:ef30ea7446a1e37660265b76e586fcffc0e83a859b7729141cdf68cbedf808a8", size = 213152 },
    { url = "https://files.pythonhosted.org/packages/58/4d/943cb701f340a72076ff8b8baafbc6eb22a4e34aa244b4eaabf12de0d6d6/winrt_runtime-2.2.0-cp312-cp312-win_arm64.whl", hash = "sha256:d8f6338fb8433b4df900c8f173959a5ae9ac63b0b20faddb338e76a6e9391bc9", size = 390454 },
    { url = "https://files.pythonhosted.org/packages/27/ee/73bdd0b2a7e318e798a62aa64a94ff182a6d3fdac405e6480fe7c0c5230f/winrt_runtime-2.2.0-cp313-cp313-win32.whl", hash = "sha256:6d8c1122158edc96cac956a5ab62bc06a56e088bdf83d0993a455216b3fd1cac", size = 183051 },
    { url = "https://files.pythonhosted.org/packages/8a/95/56940e2fffc6420e0341970ade34ecbb4ea71bebb7984e344ed4a5780d41/winrt_runtime-2.2.0-cp313-cp313-win_amd64.whl", hash = "sha256:76b2dc846e6802375113c9ce9e7fcc4292926bd788445f34d404bae72d2b4f4b", size = 213157 },
    { url = "https://files.pythonhosted.org/packages/cc/06/279c4767b23b1e47700432eceb2b963ebeb86048a88738453d7cba4784f4/winrt_runtime-2.2.0-cp313-cp313-win_arm64.whl", hash = "sha256:faacc05577573702cb135e7da4d619f4990c768063dc869362f13d856a0738e3", size = 390462 },
]

[[package]]
name = "winrt-windows-devices-bluetooth"
version = "2.2.0"
source = { registry = "https://pypi.org/simple" }
dependencies = [
    { name = "winrt-runtime" },
]
sdist = { url = "https://files.pythonhosted.org/packages/07/4f/629fd077c961330b3f4859a842d7eac845520fcb980759fa4bcb91bac7d0/winrt_windows_devices_bluetooth-2.2.0.tar.gz", hash = "sha256:95a5cf9c1e915557a28a4f017ea1ff7357039ee23526258f9cc161cf080b4577", size = 21082 }
wheels = [
    { url = "https://files.pythonhosted.org/packages/26/54/94d9c29cf3758900a6e9030c3035cc58f906807cde84ac0f7ece36ac2508/winrt_Windows.Devices.Bluetooth-2.2.0-cp312-cp312-win32.whl", hash = "sha256:c929ea5215942fb26081b26aae094a2f70551cc0a59499ab2c9ea1f6d6b991f9", size = 92448 },
    { url = "https://files.pythonhosted.org/packages/0f/cd/846b86d9cc9d1a151e2ed5223ce9b2fdafd6eff18c7febf38fbef846fa14/winrt_Windows.Devices.Bluetooth-2.2.0-cp312-cp312-win_amd64.whl", hash = "sha256:c1444e2031f3e69990d412b9edf75413a09280744bbc088a6b0760d94d356d4b", size = 104475 },
    { url = "https://files.pythonhosted.org/packages/f7/75/cb8912c0af553b57196280ccd40af453c44275f761238e9c8d15ff5a02c1/winrt_Windows.Devices.Bluetooth-2.2.0-cp312-cp312-win_arm64.whl", hash = "sha256:f2d06ce6c43e37ea09ac073805ac6f9f62ae10ce552c90ae6eca978accd3f434", size = 97546 },
    { url = "https://files.pythonhosted.org/packages/ce/c7/abe2e1630bc46fa73a233f6d1564bbcd602a3eacf6251d48fbe4dd6afb1d/winrt_Windows.Devices.Bluetooth-2.2.0-cp313-cp313-win32.whl", hash = "sha256:b44a45c60f1d9fa288a12119991060ef7998793c6b93baa84308cfb090492788", size = 92449 },
    { url = "https://files.pythonhosted.org/packages/5b/d7/ecec299455eb0f8bc18259b473b305eb834d49f082719afef6889ee0a912/winrt_Windows.Devices.Bluetooth-2.2.0-cp313-cp313-win_amd64.whl", hash = "sha256:fb698a55d06dc34643437b370c35fa064bd28762561e880715a30463c359fa44", size = 104459 },
    { url = "https://files.pythonhosted.org/packages/75/d5/3fb0ad7eac21c1c18d269fd7eca800a8d168e3791324a47314cc9aea4165/winrt_Windows.Devices.Bluetooth-2.2.0-cp313-cp313-win_arm64.whl", hash = "sha256:cb350bfe21bab3573c9cd84006efad9c46a395a2943ab474105aed8b21bb88a4", size = 97541 },
]

[[package]]
name = "winrt-windows-devices-bluetooth-advertisement"
version = "2.2.0"
source = { registry = "https://pypi.org/simple" }
dependencies = [
    { name = "winrt-runtime" },
]
sdist = { url = "https://files.pythonhosted.org/packages/47/68/1d3ceb1312e82706c97c975babf9b57479ad2fd02c906128852ef4d6065b/winrt_windows_devices_bluetooth_advertisement-2.2.0.tar.gz", hash = "sha256:bcbf246994b60e5de4bea9eb3fa01c5d6452200789004d14df70b27be9aa4775", size = 13680 }
wheels = [
    { url = "https://files.pythonhosted.org/packages/61/eb/38e48f9a29c0db058f80f09fffa108fcfae4bf91130263a5d0e764e29c28/winrt_Windows.Devices.Bluetooth.Advertisement-2.2.0-cp312-cp312-win32.whl", hash = "sha256:4c14f48ac1886a3d374ee511467f0a61f26d88a321bf97d47429859730ee9248", size = 76857 },
    { url = "https://files.pythonhosted.org/packages/dc/3b/0c2b7e718a7a8df393aaa6f02f15bfd0ed9fc363ddeff045f1479473ec72/winrt_Windows.Devices.Bluetooth.Advertisement-2.2.0-cp312-cp312-win_amd64.whl", hash = "sha256:89a658e901de88373e6a17a98273b8555e3f80563f2cc362b7f75817a7f9d915", size = 83791 },
    { url = "https://files.pythonhosted.org/packages/7f/dd/5eb5bcd190c55f9d7ed2317ca35af444f73aa66d1947c2fc4a6bb2b7b901/winrt_Windows.Devices.Bluetooth.Advertisement-2.2.0-cp312-cp312-win_arm64.whl", hash = "sha256:3b2b1b34f37a3329cf72793a089dd13fefd7b582c3e3a53a69a1353fd18940a3", size = 80687 },
    { url = "https://files.pythonhosted.org/packages/32/9c/71434b3124a2188b43f04e6854295cda6c44655222de1ec282099df0c075/winrt_Windows.Devices.Bluetooth.Advertisement-2.2.0-cp313-cp313-win32.whl", hash = "sha256:1b2d42c3d90b3e985954196b9a9e4007e22ff468d3d020c5a4acdee2821018fe", size = 76853 },
    { url = "https://files.pythonhosted.org/packages/14/4e/bed349d9dd69e843306ca90c3a8155cd7fbc1145bc45cfc68fe53fc4afcd/winrt_Windows.Devices.Bluetooth.Advertisement-2.2.0-cp313-cp313-win_amd64.whl", hash = "sha256:8d964c599670ea21b97afe2435e7638ca26e04936aacc0550474b6ec3fea988f", size = 83805 },
    { url = "https://files.pythonhosted.org/packages/98/1b/eb59362697314a7b24bb495c1b3978a848859ce95fa0963dc452102b0240/winrt_Windows.Devices.Bluetooth.Advertisement-2.2.0-cp313-cp313-win_arm64.whl", hash = "sha256:add4f459f0a02d1da38d579c3af887cfc3fe54f7782d779cf4ffe7f24404f1ff", size = 80686 },
]

[[package]]
name = "winrt-windows-devices-bluetooth-genericattributeprofile"
version = "2.2.0"
source = { registry = "https://pypi.org/simple" }
dependencies = [
    { name = "winrt-runtime" },
]
sdist = { url = "https://files.pythonhosted.org/packages/c3/f1/e6fffd2c1e22c0a2ead1e746c1442be8dce8f8b2b073f6a7466838f5e724/winrt_windows_devices_bluetooth_genericattributeprofile-2.2.0.tar.gz", hash = "sha256:0de4ee5f57223107f25c20f6bb2739947670a2f8cf09907f3e611efc81e7c6e0", size = 33697 }
wheels = [
    { url = "https://files.pythonhosted.org/packages/67/c3/598fb80ad170db56344db3b7e18d8a2f6f93fa915ede7750812c9b1f47e2/winrt_Windows.Devices.Bluetooth.GenericAttributeProfile-2.2.0-cp312-cp312-win32.whl", hash = "sha256:45a48ab8da94eee1590f22826c084f4b1f8c32107a023f05d6a03437931a6852", size = 160409 },
    { url = "https://files.pythonhosted.org/packages/33/fd/0f691f006d348b59b099f8488684f03c379e5eef24a0e10c9d79de535ed8/winrt_Windows.Devices.Bluetooth.GenericAttributeProfile-2.2.0-cp312-cp312-win_amd64.whl", hash = "sha256:395cb2fecd0835a402c3c4f274395bc689549b2a6b4155d3ad97b29ec87ee4f2", size = 179592 },
    { url = "https://files.pythonhosted.org/packages/d6/89/2349407ee665f80294354943a71919486f6ead9473e19c216be64fdd7e32/winrt_Windows.Devices.Bluetooth.GenericAttributeProfile-2.2.0-cp312-cp312-win_arm64.whl", hash = "sha256:25063b43550c5630f188cfb263ab09acc920db97d1625c48e24baa6e7d445b6e", size = 169870 },
    { url = "https://files.pythonhosted.org/packages/ac/f1/4565c8c08346b8fde91ddb7a59187bce6c470e3ea4c39821e2a80f354c55/winrt_Windows.Devices.Bluetooth.GenericAttributeProfile-2.2.0-cp313-cp313-win32.whl", hash = "sha256:d1d26512fe45c3be0dbeb932dbd75abd580cd46ccfc278fcf51042eff302fa9c", size = 160423 },
    { url = "https://files.pythonhosted.org/packages/b3/9f/4a62a392fe23002903313d510b750571370a4541ab86dc45aacd3e528330/winrt_Windows.Devices.Bluetooth.GenericAttributeProfile-2.2.0-cp313-cp313-win_amd64.whl", hash = "sha256:21786840502a34958dd5fb137381f9144a6437b49ee90a877beb3148ead6cfe9", size = 179658 },
    { url = "https://files.pythonhosted.org/packages/6c/44/4ac7be1e6ba44c071bcb1ceab0e82b3929f8c4982f85cec51432ef7d0db5/winrt_Windows.Devices.Bluetooth.GenericAttributeProfile-2.2.0-cp313-cp313-win_arm64.whl", hash = "sha256:5d98852458b639e875bb4895a9ad2d5626059bc99c5f745be0560d235502d648", size = 169903 },
]

[[package]]
name = "winrt-windows-devices-enumeration"
version = "2.2.0"
source = { registry = "https://pypi.org/simple" }
dependencies = [
    { name = "winrt-runtime" },
]
sdist = { url = "https://files.pythonhosted.org/packages/04/10/7061e5366546b723f9d32bf269a25fc1bf3d5eebdd15d0d541101c0a1018/winrt_windows_devices_enumeration-2.2.0.tar.gz", hash = "sha256:cfe1780101e3ef9c5b4716cca608aa6b6ddf19f1d7a2a70434241d438db19d3d", size = 18818 }
wheels = [
    { url = "https://files.pythonhosted.org/packages/2c/74/acf4300c5bd6dd13c0ec936da4f9ed65694b5f2a18b0cdbe9a3130cc418f/winrt_Windows.Devices.Enumeration-2.2.0-cp312-cp312-win32.whl", hash = "sha256:5bea21988749fad21574ea789b4090cfbfbb982a5f9a42b2d6f05b3ad47f68bd", size = 107911 },
    { url = "https://files.pythonhosted.org/packages/bd/48/6a46493515e5c2f53d0b454736c96e022714193b1058694cac33fe9ad5a1/winrt_Windows.Devices.Enumeration-2.2.0-cp312-cp312-win_amd64.whl", hash = "sha256:c9718d7033550a029e0c2848ff620bf063a519cb22ab9d880d64ceb302763a48", size = 125500 },
    { url = "https://files.pythonhosted.org/packages/ce/b4/edfbe9a260b7f6426d5a4a5423fbd6591fd2969f1b067132346941e5c3c6/winrt_Windows.Devices.Enumeration-2.2.0-cp312-cp312-win_arm64.whl", hash = "sha256:69f67f01aa519304e4af04a1a23261bd8b57136395de2e08d56968f9c6daa18e", size = 118400 },
    { url = "https://files.pythonhosted.org/packages/91/60/addb76215d4d2f9e5d586b362e11daffa90ae7010a93915516a20ad4d319/winrt_Windows.Devices.Enumeration-2.2.0-cp313-cp313-win32.whl", hash = "sha256:84447916282773d7b7e5a445eae0ab273c21105f1bbcdfb7d8e21cd41403d5c1", size = 107932 },
    { url = "https://files.pythonhosted.org/packages/67/2e/fe6a88efa71db979b74a9abb579c2e495417ffa043be5d58a4de15c1da94/winrt_Windows.Devices.Enumeration-2.2.0-cp313-cp313-win_amd64.whl", hash = "sha256:1bb9d97f8d2518bb5b331f825431814277de4341811a1776e79d51767e79700c", size = 125496 },
    { url = "https://files.pythonhosted.org/packages/62/95/df43bd76c051420d62022f431e11ad72a412bf0186e6b6afa21496a31cf1/winrt_Windows.Devices.Enumeration-2.2.0-cp313-cp313-win_arm64.whl", hash = "sha256:2a5408423f680f6b36d7accad7151336ea16ad1eaa2652f60ed88e2cbd14562c", size = 118395 },
]

[[package]]
name = "winrt-windows-foundation"
version = "2.2.0"
source = { registry = "https://pypi.org/simple" }
dependencies = [
    { name = "winrt-runtime" },
]
sdist = { url = "https://files.pythonhosted.org/packages/6f/e3/9680cadad4bb1538780e07f51d9330e0240bc08581c760d7430017b89b97/winrt_windows_foundation-2.2.0.tar.gz", hash = "sha256:9a76291204900cd92008163fbe273ae43c9a925ca4a5a29cdd736e59cd397bf1", size = 22540 }
wheels = [
    { url = "https://files.pythonhosted.org/packages/b4/6a/39ea73b7c3c0d01e1a9b8384e958f3d85d9ebf28515c77a55210f53e3f8d/winrt_Windows.Foundation-2.2.0-cp312-cp312-win32.whl", hash = "sha256:0f0319659f00d04d13fc5db45f574479a396147c955628dc2dda056397a0df28", size = 85602 },
    { url = "https://files.pythonhosted.org/packages/02/ca/6105fa94ac5abf5008d89eb0682ffa0d057dbb481c9b2ef75710dc9f5b37/winrt_Windows.Foundation-2.2.0-cp312-cp312-win_amd64.whl", hash = "sha256:8bc605242d268cd8ccce68c78ec4a967b8e5431c3a969c9e7a01d454696dfb3f", size = 100084 },
    { url = "https://files.pythonhosted.org/packages/30/ed/c549beea3836a8309122e69b4ea03a8dcaf01cd9b41af622ada12586adc5/winrt_Windows.Foundation-2.2.0-cp312-cp312-win_arm64.whl", hash = "sha256:f901b20c3a874a2cf9dcb1e97bbcff329d95fd3859a873be314a5a58073b4690", size = 88067 },
    { url = "https://files.pythonhosted.org/packages/32/9e/5662ed1d71aad46f4e85659b006bbbc27130b9a6688b2724f323cd49c92b/winrt_Windows.Foundation-2.2.0-cp313-cp313-win32.whl", hash = "sha256:c5cf43bb1dccf3a302d16572d53f26479d277e02606531782c364056c2323678", size = 85610 },
    { url = "https://files.pythonhosted.org/packages/59/0b/af0a720238cf5b5dc489efe86f73d5959007019e34d6afcb6e1238bb731c/winrt_Windows.Foundation-2.2.0-cp313-cp313-win_amd64.whl", hash = "sha256:10c84276ff182a06da6deb1ba9ad375f9b3fbc15c3684a160e775005d915197a", size = 100087 },
    { url = "https://files.pythonhosted.org/packages/d8/86/82f5a35a5990080f0e9a79af97b790a7694e21553eef734a671b889d49a0/winrt_Windows.Foundation-2.2.0-cp313-cp313-win_arm64.whl", hash = "sha256:473cc57664bfd5401ec171c8f55079cdc8a980210f2c82fb2945361ea640bfbf", size = 88071 },
]

[[package]]
name = "winrt-windows-foundation-collections"
version = "2.2.0"
source = { registry = "https://pypi.org/simple" }
dependencies = [
    { name = "winrt-runtime" },
]
sdist = { url = "https://files.pythonhosted.org/packages/6d/24/4406d4b665638ba2b1354e1e7154807866d90457e411081e8e4fa1456548/winrt_windows_foundation_collections-2.2.0.tar.gz", hash = "sha256:10db64da49185af3e14465cd65ec4055eb122a96daedb73b774889f3b7fcfa63", size = 12865 }
wheels = [
    { url = "https://files.pythonhosted.org/packages/9b/de/ae37af610325453f95d5ac6baf5b7de6f1e16a02d3079bbf06eb1b8044bd/winrt_Windows.Foundation.Collections-2.2.0-cp312-cp312-win32.whl", hash = "sha256:ade4ea4584ba96e39d2b34f1036d8cb40ff2e9609a090562cfd2b8837dc7f828", size = 51175 },
    { url = "https://files.pythonhosted.org/packages/20/15/77951d72e94eaf996b2b2e3431376cd770ff2c4bb7ecb6edb9031008a86f/winrt_Windows.Foundation.Collections-2.2.0-cp312-cp312-win_amd64.whl", hash = "sha256:1e896291c5efe0566db84eab13888bee7300392a6811ae85c55ced51bac0b147", size = 60710 },
    { url = "https://files.pythonhosted.org/packages/a1/79/d9a42cfa1ae16b0ff354b6cb9bb53e0e61d4f080dd0810a2a1d2d2130af6/winrt_Windows.Foundation.Collections-2.2.0-cp312-cp312-win_arm64.whl", hash = "sha256:e44e13027597fcc638073459dcc159a21c57f9dbe0e9a2282326e32386c25bd0", size = 53763 },
    { url = "https://files.pythonhosted.org/packages/da/6b/7cc6ec4962e22fa13466567e0b1992f02e21d595f3a585f00c5b6c1af80b/winrt_Windows.Foundation.Collections-2.2.0-cp313-cp313-win32.whl", hash = "sha256:ea7fa3a7ecb754eb09408e7127cd960d316cc1ba60a6440e191a81f14b42265c", size = 51176 },
    { url = "https://files.pythonhosted.org/packages/13/75/0691cf9d2a2336a767c985b997a14f8ce1f659a72e9deaa09d9ee0bd4648/winrt_Windows.Foundation.Collections-2.2.0-cp313-cp313-win_amd64.whl", hash = "sha256:f338860e27a8a67b386273c73ad10c680a9f40a42e0185cc6443d208a7425ece", size = 60717 },
    { url = "https://files.pythonhosted.org/packages/12/d5/f7e8f4df3b757ac9755eb89ab13e8693a2f41ccf9b990b16d9c58b3d7a32/winrt_Windows.Foundation.Collections-2.2.0-cp313-cp313-win_arm64.whl", hash = "sha256:dd705d4c62bd8c109f2bc667a0c76dc30ef9a1b2ced3e7bd95253a31e39781df", size = 53771 },
]

[[package]]
name = "winrt-windows-storage-streams"
version = "2.2.0"
source = { registry = "https://pypi.org/simple" }
dependencies = [
    { name = "winrt-runtime" },
]
sdist = { url = "https://files.pythonhosted.org/packages/21/0d/5d550021a2e856c03d196eb5bb0a7b1e3a0e89db8e6669e09127246ebb89/winrt_windows_storage_streams-2.2.0.tar.gz", hash = "sha256:46a8718c4e00a129d305f03571789f4bed530c05e135c2476494af93f374b68a", size = 23530 }
wheels = [
    { url = "https://files.pythonhosted.org/packages/08/e9/106ce36a479aabe759a51828e6cb41a01a03d0658de5d3b846b64ec7303a/winrt_Windows.Storage.Streams-2.2.0-cp312-cp312-win32.whl", hash = "sha256:85a2eefb2935db92d10b8e9be836c431d47298b566b55da633b11f822c63838d", size = 95991 },
    { url = "https://files.pythonhosted.org/packages/0d/6f/7d4cf8fac011b79db76357c7900d573015ee95e87e080a78beb03c1f70ae/winrt_Windows.Storage.Streams-2.2.0-cp312-cp312-win_amd64.whl", hash = "sha256:f88cdc6204219c7f1b58d793826ea2eff013a45306fbb340d61c10896c237547", size = 108450 },
    { url = "https://files.pythonhosted.org/packages/4a/70/e6dd8cdb4a8c842f42cfdbe4a9fab53bc1af4f4cb5fe9c334976b478e332/winrt_Windows.Storage.Streams-2.2.0-cp312-cp312-win_arm64.whl", hash = "sha256:78af200d0db5ebe151b1df194de97f1e71c2d5f5cba4da09798c15402f4ab91d", size = 104911 },
    { url = "https://files.pythonhosted.org/packages/ef/71/5a6f33fad5fa084953031c1cfe7ab5ec8ab90b75542663031a3c9375b160/winrt_Windows.Storage.Streams-2.2.0-cp313-cp313-win32.whl", hash = "sha256:6408184ba5d17e0d408d7c0b85357a58f13c775521d17a8730f1a680553e0061", size = 95976 },
    { url = "https://files.pythonhosted.org/packages/6f/da/d032b206da0421c3f5ede84a385879517cb36d5983280592e40bebae6cc4/winrt_Windows.Storage.Streams-2.2.0-cp313-cp313-win_amd64.whl", hash = "sha256:ad9cd8e97cf4115ba074ec153ab273c370e690abb010d8b3b970339d20f94321", size = 108456 },
    { url = "https://files.pythonhosted.org/packages/06/9b/b33a311651a5812d377bf2e0aeba2de0aa658aca2dd44c818e38e524e68d/winrt_Windows.Storage.Streams-2.2.0-cp313-cp313-win_arm64.whl", hash = "sha256:c467cf04005b72efd769ea99c7c15973db44d5ac6084a7c7714af85e49981abd", size = 104913 },
]
